{
    "name": "container-slides",
    "version": "1.0.0",
    "lockfileVersion": 3,
    "requires": true,
    "packages": {
        "": {
            "name": "container-slides",
            "version": "1.0.0",
            "license": "Apache-2.0",
            "dependencies": {
                "@fortawesome/fontawesome-free": "6.7.1",
                "@fortawesome/fontawesome-pro": "6.7.1",
                "clipboard": "2.0.11",
                "highlight.js": "11.10.0",
                "notyf": "3.10.0",
                "reveal.js": "5.1.0"
            }
        },
        "node_modules/@fortawesome/fontawesome-free": {
            "version": "6.7.1",
            "resolved": "https://npm.fontawesome.com/@fortawesome/fontawesome-free/-/6.7.1/fontawesome-free-6.7.1.tgz",
            "integrity": "sha512-ALIk/MOh5gYe1TG/ieS5mVUsk7VUIJTJKPMK9rFFqOgfp0Q3d5QiBXbcOMwUvs37fyZVCz46YjOE6IFeOAXCHA==",
            "license": "(CC-BY-4.0 AND OFL-1.1 AND MIT)",
            "engines": {
                "node": ">=6"
            }
        },
        "node_modules/@fortawesome/fontawesome-pro": {
            "version": "6.7.1",
            "resolved": "https://npm.fontawesome.com/@fortawesome/fontawesome-pro/-/6.7.1/fontawesome-pro-6.7.1.tgz",
            "integrity": "sha512-PHm5vlwc721UVNyVr89O8r4EEANEdQifYrcnFa90zAiWbsX4aIMwAT6lLA4nfYOOLS3gRjnzl0HIAG1Ghyyy/g==",
            "license": "UNLICENSED",
            "engines": {
                "node": ">=6"
            }
        },
        "node_modules/clipboard": {
            "version": "2.0.11",
            "resolved": "https://registry.npmjs.org/clipboard/-/clipboard-2.0.11.tgz",
            "integrity": "sha512-C+0bbOqkezLIsmWSvlsXS0Q0bmkugu7jcfMIACB+RDEntIzQIkdr148we28AfSloQLRdZlYL/QYyrq05j/3Faw==",
            "license": "MIT",
            "dependencies": {
                "good-listener": "^1.2.2",
                "select": "^1.1.2",
                "tiny-emitter": "^2.0.0"
            }
        },
        "node_modules/delegate": {
            "version": "3.2.0",
            "resolved": "https://registry.npmjs.org/delegate/-/delegate-3.2.0.tgz",
            "integrity": "sha512-IofjkYBZaZivn0V8nnsMJGBr4jVLxHDheKSW88PyxS5QC4Vo9ZbZVvhzlSxY87fVq3STR6r+4cGepyHkcWOQSw==",
            "license": "MIT"
        },
        "node_modules/good-listener": {
            "version": "1.2.2",
            "resolved": "https://registry.npmjs.org/good-listener/-/good-listener-1.2.2.tgz",
            "integrity": "sha512-goW1b+d9q/HIwbVYZzZ6SsTr4IgE+WA44A0GmPIQstuOrgsFcT7VEJ48nmr9GaRtNu0XTKacFLGnBPAM6Afouw==",
            "license": "MIT",
            "dependencies": {
                "delegate": "^3.1.2"
            }
        },
        "node_modules/highlight.js": {
            "version": "11.10.0",
            "resolved": "https://registry.npmjs.org/highlight.js/-/highlight.js-11.10.0.tgz",
            "integrity": "sha512-SYVnVFswQER+zu1laSya563s+F8VDGt7o35d4utbamowvUNLLMovFqwCLSocpZTz3MgaSRA1IbqRWZv97dtErQ==",
            "license": "BSD-3-Clause",
            "engines": {
                "node": ">=12.0.0"
            }
        },
        "node_modules/notyf": {
            "version": "3.10.0",
            "resolved": "https://registry.npmjs.org/notyf/-/notyf-3.10.0.tgz",
            "integrity": "sha512-Mtnp+0qiZxgrH+TzVlzhWyZceHdAZ/UWK0/ju9U0HQeDpap1mZ8cC7H5wSI5mwgni6yeAjaxsTw0sbMK+aSuHw==",
            "license": "MIT"
        },
        "node_modules/reveal.js": {
            "version": "5.1.0",
            "resolved": "https://registry.npmjs.org/reveal.js/-/reveal.js-5.1.0.tgz",
            "integrity": "sha512-KDt7m0+xwKV6nAZt4CNPVFBf42sTKRQapg0bGGKB5PKO5XvChnMfwlZkybydHiQJ7p5+6LbHKRGrhXODdoNIaA==",
            "license": "MIT",
            "engines": {
                "node": ">=18.0.0"
            }
        },
        "node_modules/select": {
            "version": "1.1.2",
            "resolved": "https://registry.npmjs.org/select/-/select-1.1.2.tgz",
            "integrity": "sha512-OwpTSOfy6xSs1+pwcNrv0RBMOzI39Lp3qQKUTPVVPRjCdNa5JH/oPRiqsesIskK8TVgmRiHwO4KXlV2Li9dANA==",
            "license": "MIT"
        },
        "node_modules/tiny-emitter": {
            "version": "2.1.0",
            "resolved": "https://registry.npmjs.org/tiny-emitter/-/tiny-emitter-2.1.0.tgz",
            "integrity": "sha512-NB6Dk1A9xgQPMoGqC5CVXn123gWyte215ONT5Pp5a0yt4nlEoO1ZWeCwpncaekPHXO60i47ihFnZPiRPjRMq4Q==",
            "license": "MIT"
        }
    }
}
